// !$*UTF8*$!
{
	archiveVersion = 1;
	classes = {
	};
	objectVersion = 50;
	objects = {

/* Begin PBXBuildFile section */
		D524F626249B3AF100646538 /* AppDelegate.swift in Sources */ = {isa = PBXBuildFile; fileRef = D524F625249B3AF100646538 /* AppDelegate.swift */; };
		D524F62F249B3AF600646538 /* Assets.xcassets in Resources */ = {isa = PBXBuildFile; fileRef = D524F62E249B3AF600646538 /* Assets.xcassets */; };
		D524F632249B3AF600646538 /* LaunchScreen.storyboard in Resources */ = {isa = PBXBuildFile; fileRef = D524F630249B3AF600646538 /* LaunchScreen.storyboard */; };
		D524F641249B43B100646538 /* Nuke.framework in Frameworks */ = {isa = PBXBuildFile; fileRef = D524F640249B43B100646538 /* Nuke.framework */; };
		D5671BC7249CA149003E3BEE /* Rswift.framework in Frameworks */ = {isa = PBXBuildFile; fileRef = D524F63A249B410A00646538 /* Rswift.framework */; };
		D5671BC8249CA149003E3BEE /* Rswift.framework in Embed Frameworks */ = {isa = PBXBuildFile; fileRef = D524F63A249B410A00646538 /* Rswift.framework */; settings = {ATTRIBUTES = (CodeSignOnCopy, RemoveHeadersOnCopy, ); }; };
		D5671BCA249CA4B6003E3BEE /* R.generated.swift in Sources */ = {isa = PBXBuildFile; fileRef = D5671BC9249CA4B6003E3BEE /* R.generated.swift */; };
		D580528924ADABEA0085FD4C /* MainTabController.swift in Sources */ = {isa = PBXBuildFile; fileRef = D580528824ADABEA0085FD4C /* MainTabController.swift */; };
		D580529624ADD90A0085FD4C /* KeychainAccess.framework in Frameworks */ = {isa = PBXBuildFile; fileRef = D580529524ADD90A0085FD4C /* KeychainAccess.framework */; };
		D580529724ADD90A0085FD4C /* KeychainAccess.framework in Embed Frameworks */ = {isa = PBXBuildFile; fileRef = D580529524ADD90A0085FD4C /* KeychainAccess.framework */; settings = {ATTRIBUTES = (CodeSignOnCopy, RemoveHeadersOnCopy, ); }; };
		D580529A24AEFE450085FD4C /* SignupViewModel.swift in Sources */ = {isa = PBXBuildFile; fileRef = D580529924AEFE450085FD4C /* SignupViewModel.swift */; };
		D580529C24AF0CCE0085FD4C /* EditBookViewModel.swift in Sources */ = {isa = PBXBuildFile; fileRef = D580529B24AF0CCE0085FD4C /* EditBookViewModel.swift */; };
		D580529E24AF1B8E0085FD4C /* AddBookViewModel.swift in Sources */ = {isa = PBXBuildFile; fileRef = D580529D24AF1B8E0085FD4C /* AddBookViewModel.swift */; };
		D58052A424AF20920085FD4C /* LoginViewModel.swift in Sources */ = {isa = PBXBuildFile; fileRef = D58052A324AF20920085FD4C /* LoginViewModel.swift */; };
		D58052A724AF22D00085FD4C /* URLSessionRequest.swift in Sources */ = {isa = PBXBuildFile; fileRef = D58052A624AF22D00085FD4C /* URLSessionRequest.swift */; };
		D58052A924AF2AFA0085FD4C /* Response.swift in Sources */ = {isa = PBXBuildFile; fileRef = D58052A824AF2AFA0085FD4C /* Response.swift */; };
		D58052AB24B2B28C0085FD4C /* APIClient.swift in Sources */ = {isa = PBXBuildFile; fileRef = D58052AA24B2B28C0085FD4C /* APIClient.swift */; };
		D58052AD24B2D2BE0085FD4C /* UserRequest.swift in Sources */ = {isa = PBXBuildFile; fileRef = D58052AC24B2D2BE0085FD4C /* UserRequest.swift */; };
		D58052AF24B2D4E50085FD4C /* BookListRequest.swift in Sources */ = {isa = PBXBuildFile; fileRef = D58052AE24B2D4E50085FD4C /* BookListRequest.swift */; };
		D58052B124B2D5500085FD4C /* BookRequest.swift in Sources */ = {isa = PBXBuildFile; fileRef = D58052B024B2D5500085FD4C /* BookRequest.swift */; };
		D58052B324B2E3120085FD4C /* UserResponse.swift in Sources */ = {isa = PBXBuildFile; fileRef = D58052B224B2E3120085FD4C /* UserResponse.swift */; };
		D58052B524B2E7680085FD4C /* JSONEncoder.swift in Sources */ = {isa = PBXBuildFile; fileRef = D58052B424B2E7680085FD4C /* JSONEncoder.swift */; };
		D58052B924B2EF560085FD4C /* UserDefaultsUtil.swift in Sources */ = {isa = PBXBuildFile; fileRef = D58052B824B2EF560085FD4C /* UserDefaultsUtil.swift */; };
		D58052BB24B2FF820085FD4C /* BookResponse.swift in Sources */ = {isa = PBXBuildFile; fileRef = D58052BA24B2FF820085FD4C /* BookResponse.swift */; };
		D58052BD24B2FFF70085FD4C /* BookListResponse.swift in Sources */ = {isa = PBXBuildFile; fileRef = D58052BC24B2FFF70085FD4C /* BookListResponse.swift */; };
		D597A88A24ADAB6B009490DB /* EditBookViewController.swift in Sources */ = {isa = PBXBuildFile; fileRef = D597A87924ADAB6B009490DB /* EditBookViewController.swift */; };
		D597A88B24ADAB6B009490DB /* EditBook.storyboard in Resources */ = {isa = PBXBuildFile; fileRef = D597A87A24ADAB6B009490DB /* EditBook.storyboard */; };
		D597A88C24ADAB6B009490DB /* SignupViewController.swift in Sources */ = {isa = PBXBuildFile; fileRef = D597A87C24ADAB6B009490DB /* SignupViewController.swift */; };
		D597A88D24ADAB6B009490DB /* Signup.storyboard in Resources */ = {isa = PBXBuildFile; fileRef = D597A87D24ADAB6B009490DB /* Signup.storyboard */; };
		D597A88E24ADAB6B009490DB /* AccountViewController.swift in Sources */ = {isa = PBXBuildFile; fileRef = D597A87F24ADAB6B009490DB /* AccountViewController.swift */; };
		D597A88F24ADAB6B009490DB /* Account.storyboard in Resources */ = {isa = PBXBuildFile; fileRef = D597A88024ADAB6B009490DB /* Account.storyboard */; };
		D597A89024ADAB6B009490DB /* BookListCell.swift in Sources */ = {isa = PBXBuildFile; fileRef = D597A88224ADAB6B009490DB /* BookListCell.swift */; };
		D597A89124ADAB6B009490DB /* BookListViewController.swift in Sources */ = {isa = PBXBuildFile; fileRef = D597A88324ADAB6B009490DB /* BookListViewController.swift */; };
		D597A89224ADAB6B009490DB /* Login.storyboard in Resources */ = {isa = PBXBuildFile; fileRef = D597A88524ADAB6B009490DB /* Login.storyboard */; };
		D597A89324ADAB6B009490DB /* LoginViewController.swift in Sources */ = {isa = PBXBuildFile; fileRef = D597A88724ADAB6B009490DB /* LoginViewController.swift */; };
		D597A89424ADAB6B009490DB /* AddBookViewController.swift in Sources */ = {isa = PBXBuildFile; fileRef = D597A88924ADAB6B009490DB /* AddBookViewController.swift */; };
		D5FF0ADD24AB0A1D001640BC /* Localizable.strings in Resources */ = {isa = PBXBuildFile; fileRef = D5FF0ADF24AB0A1D001640BC /* Localizable.strings */; };
		D5FF0AE724AC1F91001640BC /* UIAlertExtension.swift in Sources */ = {isa = PBXBuildFile; fileRef = D5FF0AE624AC1F90001640BC /* UIAlertExtension.swift */; };
/* End PBXBuildFile section */

/* Begin PBXCopyFilesBuildPhase section */
		D524F63D249B410A00646538 /* Embed Frameworks */ = {
			isa = PBXCopyFilesBuildPhase;
			buildActionMask = 2147483647;
			dstPath = "";
			dstSubfolderSpec = 10;
			files = (
				D580529724ADD90A0085FD4C /* KeychainAccess.framework in Embed Frameworks */,
				D5671BC8249CA149003E3BEE /* Rswift.framework in Embed Frameworks */,
			);
			name = "Embed Frameworks";
			runOnlyForDeploymentPostprocessing = 0;
		};
/* End PBXCopyFilesBuildPhase section */

/* Begin PBXFileReference section */
		D524F622249B3AF100646538 /* BookManager_iOS.app */ = {isa = PBXFileReference; explicitFileType = wrapper.application; includeInIndex = 0; path = BookManager_iOS.app; sourceTree = BUILT_PRODUCTS_DIR; };
		D524F625249B3AF100646538 /* AppDelegate.swift */ = {isa = PBXFileReference; lastKnownFileType = sourcecode.swift; path = AppDelegate.swift; sourceTree = "<group>"; };
		D524F62E249B3AF600646538 /* Assets.xcassets */ = {isa = PBXFileReference; lastKnownFileType = folder.assetcatalog; path = Assets.xcassets; sourceTree = "<group>"; };
		D524F633249B3AF600646538 /* Info.plist */ = {isa = PBXFileReference; lastKnownFileType = text.plist.xml; path = Info.plist; sourceTree = "<group>"; };
		D524F63A249B410A00646538 /* Rswift.framework */ = {isa = PBXFileReference; lastKnownFileType = wrapper.framework; name = Rswift.framework; path = Carthage/Build/iOS/Rswift.framework; sourceTree = "<group>"; };
		D524F640249B43B100646538 /* Nuke.framework */ = {isa = PBXFileReference; lastKnownFileType = wrapper.framework; name = Nuke.framework; path = Carthage/Build/iOS/Nuke.framework; sourceTree = "<group>"; };
		D55280D724A9AF8F00D6248D /* APIKit.framework */ = {isa = PBXFileReference; lastKnownFileType = wrapper.framework; name = APIKit.framework; path = Carthage/Build/iOS/APIKit.framework; sourceTree = "<group>"; };
		D5671BC9249CA4B6003E3BEE /* R.generated.swift */ = {isa = PBXFileReference; fileEncoding = 4; lastKnownFileType = sourcecode.swift; path = R.generated.swift; sourceTree = "<group>"; };
		D580528824ADABEA0085FD4C /* MainTabController.swift */ = {isa = PBXFileReference; fileEncoding = 4; lastKnownFileType = sourcecode.swift; path = MainTabController.swift; sourceTree = "<group>"; };
		D580529524ADD90A0085FD4C /* KeychainAccess.framework */ = {isa = PBXFileReference; lastKnownFileType = wrapper.framework; name = KeychainAccess.framework; path = Carthage/Build/iOS/KeychainAccess.framework; sourceTree = "<group>"; };
		D580529924AEFE450085FD4C /* SignupViewModel.swift */ = {isa = PBXFileReference; lastKnownFileType = sourcecode.swift; path = SignupViewModel.swift; sourceTree = "<group>"; };
		D580529B24AF0CCE0085FD4C /* EditBookViewModel.swift */ = {isa = PBXFileReference; lastKnownFileType = sourcecode.swift; path = EditBookViewModel.swift; sourceTree = "<group>"; };
		D580529D24AF1B8E0085FD4C /* AddBookViewModel.swift */ = {isa = PBXFileReference; lastKnownFileType = sourcecode.swift; path = AddBookViewModel.swift; sourceTree = "<group>"; };
		D58052A324AF20920085FD4C /* LoginViewModel.swift */ = {isa = PBXFileReference; fileEncoding = 4; lastKnownFileType = sourcecode.swift; path = LoginViewModel.swift; sourceTree = "<group>"; };
		D58052A624AF22D00085FD4C /* URLSessionRequest.swift */ = {isa = PBXFileReference; lastKnownFileType = sourcecode.swift; path = URLSessionRequest.swift; sourceTree = "<group>"; };
		D58052A824AF2AFA0085FD4C /* Response.swift */ = {isa = PBXFileReference; lastKnownFileType = sourcecode.swift; name = Response.swift; path = BookManager_iOS/Model/Response/Response.swift; sourceTree = SOURCE_ROOT; };
		D58052AA24B2B28C0085FD4C /* APIClient.swift */ = {isa = PBXFileReference; lastKnownFileType = sourcecode.swift; path = APIClient.swift; sourceTree = "<group>"; };
		D58052AC24B2D2BE0085FD4C /* UserRequest.swift */ = {isa = PBXFileReference; lastKnownFileType = sourcecode.swift; path = UserRequest.swift; sourceTree = "<group>"; };
		D58052AE24B2D4E50085FD4C /* BookListRequest.swift */ = {isa = PBXFileReference; lastKnownFileType = sourcecode.swift; path = BookListRequest.swift; sourceTree = "<group>"; };
		D58052B024B2D5500085FD4C /* BookRequest.swift */ = {isa = PBXFileReference; lastKnownFileType = sourcecode.swift; path = BookRequest.swift; sourceTree = "<group>"; };
		D58052B224B2E3120085FD4C /* UserResponse.swift */ = {isa = PBXFileReference; lastKnownFileType = sourcecode.swift; path = UserResponse.swift; sourceTree = "<group>"; };
		D58052B424B2E7680085FD4C /* JSONEncoder.swift */ = {isa = PBXFileReference; lastKnownFileType = sourcecode.swift; path = JSONEncoder.swift; sourceTree = "<group>"; };
		D58052B824B2EF560085FD4C /* UserDefaultsUtil.swift */ = {isa = PBXFileReference; lastKnownFileType = sourcecode.swift; name = UserDefaultsUtil.swift; path = /Users/shimizuyuta/Caraquri/Training/BookManager_iOS/BookManager_iOS/Model/Request/UserDefaultsUtil.swift; sourceTree = "<absolute>"; };
		D58052BA24B2FF820085FD4C /* BookResponse.swift */ = {isa = PBXFileReference; lastKnownFileType = sourcecode.swift; path = BookResponse.swift; sourceTree = "<group>"; };
		D58052BC24B2FFF70085FD4C /* BookListResponse.swift */ = {isa = PBXFileReference; lastKnownFileType = sourcecode.swift; path = BookListResponse.swift; sourceTree = "<group>"; };
		D597A87924ADAB6B009490DB /* EditBookViewController.swift */ = {isa = PBXFileReference; fileEncoding = 4; lastKnownFileType = sourcecode.swift; path = EditBookViewController.swift; sourceTree = "<group>"; };
		D597A87A24ADAB6B009490DB /* EditBook.storyboard */ = {isa = PBXFileReference; fileEncoding = 4; lastKnownFileType = file.storyboard; path = EditBook.storyboard; sourceTree = "<group>"; };
		D597A87C24ADAB6B009490DB /* SignupViewController.swift */ = {isa = PBXFileReference; fileEncoding = 4; lastKnownFileType = sourcecode.swift; path = SignupViewController.swift; sourceTree = "<group>"; };
		D597A87D24ADAB6B009490DB /* Signup.storyboard */ = {isa = PBXFileReference; fileEncoding = 4; lastKnownFileType = file.storyboard; path = Signup.storyboard; sourceTree = "<group>"; };
		D597A87F24ADAB6B009490DB /* AccountViewController.swift */ = {isa = PBXFileReference; fileEncoding = 4; lastKnownFileType = sourcecode.swift; path = AccountViewController.swift; sourceTree = "<group>"; };
		D597A88024ADAB6B009490DB /* Account.storyboard */ = {isa = PBXFileReference; fileEncoding = 4; lastKnownFileType = file.storyboard; path = Account.storyboard; sourceTree = "<group>"; };
		D597A88224ADAB6B009490DB /* BookListCell.swift */ = {isa = PBXFileReference; fileEncoding = 4; lastKnownFileType = sourcecode.swift; path = BookListCell.swift; sourceTree = "<group>"; };
		D597A88324ADAB6B009490DB /* BookListViewController.swift */ = {isa = PBXFileReference; fileEncoding = 4; lastKnownFileType = sourcecode.swift; path = BookListViewController.swift; sourceTree = "<group>"; };
		D597A88624ADAB6B009490DB /* Base */ = {isa = PBXFileReference; lastKnownFileType = file.storyboard; name = Base; path = Base.lproj/Login.storyboard; sourceTree = "<group>"; };
		D597A88724ADAB6B009490DB /* LoginViewController.swift */ = {isa = PBXFileReference; fileEncoding = 4; lastKnownFileType = sourcecode.swift; path = LoginViewController.swift; sourceTree = "<group>"; };
		D597A88924ADAB6B009490DB /* AddBookViewController.swift */ = {isa = PBXFileReference; fileEncoding = 4; lastKnownFileType = sourcecode.swift; path = AddBookViewController.swift; sourceTree = "<group>"; };
		D5FF0AE024AB0C7F001640BC /* ja */ = {isa = PBXFileReference; lastKnownFileType = text.plist.strings; name = ja; path = ja.lproj/Localizable.strings; sourceTree = "<group>"; };
		D5FF0AE424AB0F5E001640BC /* Base */ = {isa = PBXFileReference; lastKnownFileType = file.storyboard; name = Base; path = Base.lproj/LaunchScreen.storyboard; sourceTree = "<group>"; };
		D5FF0AE624AC1F90001640BC /* UIAlertExtension.swift */ = {isa = PBXFileReference; lastKnownFileType = sourcecode.swift; path = UIAlertExtension.swift; sourceTree = "<group>"; };
/* End PBXFileReference section */

/* Begin PBXFrameworksBuildPhase section */
		D524F61F249B3AF100646538 /* Frameworks */ = {
			isa = PBXFrameworksBuildPhase;
			buildActionMask = 2147483647;
			files = (
				D580529624ADD90A0085FD4C /* KeychainAccess.framework in Frameworks */,
				D5671BC7249CA149003E3BEE /* Rswift.framework in Frameworks */,
				D524F641249B43B100646538 /* Nuke.framework in Frameworks */,
			);
			runOnlyForDeploymentPostprocessing = 0;
		};
/* End PBXFrameworksBuildPhase section */

/* Begin PBXGroup section */
		400DED83B1CF2A6A17DF4C8F /* Frameworks */ = {
			isa = PBXGroup;
			children = (
				D580529524ADD90A0085FD4C /* KeychainAccess.framework */,
				D55280D724A9AF8F00D6248D /* APIKit.framework */,
				D524F640249B43B100646538 /* Nuke.framework */,
				D524F63A249B410A00646538 /* Rswift.framework */,
			);
			name = Frameworks;
			sourceTree = "<group>";
		};
		D524F619249B3AF100646538 = {
			isa = PBXGroup;
			children = (
				D5671BC9249CA4B6003E3BEE /* R.generated.swift */,
				D524F624249B3AF100646538 /* BookManager_iOS */,
				D524F623249B3AF100646538 /* Products */,
				400DED83B1CF2A6A17DF4C8F /* Frameworks */,
			);
			sourceTree = "<group>";
		};
		D524F623249B3AF100646538 /* Products */ = {
			isa = PBXGroup;
			children = (
				D524F622249B3AF100646538 /* BookManager_iOS.app */,
			);
			name = Products;
			sourceTree = "<group>";
		};
		D524F624249B3AF100646538 /* BookManager_iOS */ = {
			isa = PBXGroup;
			children = (
				D58052A524AF22080085FD4C /* Model */,
				D580528F24ADBEFA0085FD4C /* ViewModel */,
				D597A87724ADAB6B009490DB /* View */,
				D5FF0AE824AC1FA5001640BC /* Extension */,
				D524F625249B3AF100646538 /* AppDelegate.swift */,
				D524F62E249B3AF600646538 /* Assets.xcassets */,
				D524F630249B3AF600646538 /* LaunchScreen.storyboard */,
				D524F633249B3AF600646538 /* Info.plist */,
				D5FF0ADF24AB0A1D001640BC /* Localizable.strings */,
			);
			path = BookManager_iOS;
			sourceTree = "<group>";
		};
		D580528F24ADBEFA0085FD4C /* ViewModel */ = {
			isa = PBXGroup;
			children = (
				D58052A224AF1F6E0085FD4C /* Signup */,
				D58052A124AF1F660085FD4C /* EditBook */,
				D58052A024AF1F5D0085FD4C /* AddBook */,
				D580529F24AF1F3F0085FD4C /* Login */,
			);
			path = ViewModel;
			sourceTree = "<group>";
		};
		D580529F24AF1F3F0085FD4C /* Login */ = {
			isa = PBXGroup;
			children = (
				D58052A324AF20920085FD4C /* LoginViewModel.swift */,
			);
			path = Login;
			sourceTree = "<group>";
		};
		D58052A024AF1F5D0085FD4C /* AddBook */ = {
			isa = PBXGroup;
			children = (
				D580529D24AF1B8E0085FD4C /* AddBookViewModel.swift */,
			);
			path = AddBook;
			sourceTree = "<group>";
		};
		D58052A124AF1F660085FD4C /* EditBook */ = {
			isa = PBXGroup;
			children = (
				D580529B24AF0CCE0085FD4C /* EditBookViewModel.swift */,
			);
			path = EditBook;
			sourceTree = "<group>";
		};
		D58052A224AF1F6E0085FD4C /* Signup */ = {
			isa = PBXGroup;
			children = (
				D580529924AEFE450085FD4C /* SignupViewModel.swift */,
			);
			path = Signup;
			sourceTree = "<group>";
		};
		D58052A524AF22080085FD4C /* Model */ = {
			isa = PBXGroup;
			children = (
				D58052B724B2EBA30085FD4C /* Response */,
				D58052B624B2EB9B0085FD4C /* Request */,
				D58052B424B2E7680085FD4C /* JSONEncoder.swift */,
				D58052B824B2EF560085FD4C /* UserDefaultsUtil.swift */,
				D58052AA24B2B28C0085FD4C /* APIClient.swift */,
			);
			path = Model;
			sourceTree = "<group>";
		};
		D58052B624B2EB9B0085FD4C /* Request */ = {
			isa = PBXGroup;
			children = (
				D58052AE24B2D4E50085FD4C /* BookListRequest.swift */,
				D58052B024B2D5500085FD4C /* BookRequest.swift */,
				D58052AC24B2D2BE0085FD4C /* UserRequest.swift */,
				D58052A624AF22D00085FD4C /* URLSessionRequest.swift */,
			);
			path = Request;
			sourceTree = "<group>";
		};
		D58052B724B2EBA30085FD4C /* Response */ = {
			isa = PBXGroup;
			children = (
				D58052A824AF2AFA0085FD4C /* Response.swift */,
				D58052B224B2E3120085FD4C /* UserResponse.swift */,
				D58052BA24B2FF820085FD4C /* BookResponse.swift */,
				D58052BC24B2FFF70085FD4C /* BookListResponse.swift */,
			);
			path = Response;
			sourceTree = "<group>";
		};
		D597A87724ADAB6B009490DB /* View */ = {
			isa = PBXGroup;
			children = (
				D580528824ADABEA0085FD4C /* MainTabController.swift */,
				D597A87824ADAB6B009490DB /* EditBook */,
				D597A87B24ADAB6B009490DB /* Singup */,
				D597A87E24ADAB6B009490DB /* Account */,
				D597A88124ADAB6B009490DB /* BookList */,
				D597A88424ADAB6B009490DB /* Login */,
				D597A88824ADAB6B009490DB /* AddBook */,
			);
			path = View;
			sourceTree = "<group>";
		};
		D597A87824ADAB6B009490DB /* EditBook */ = {
			isa = PBXGroup;
			children = (
				D597A87924ADAB6B009490DB /* EditBookViewController.swift */,
				D597A87A24ADAB6B009490DB /* EditBook.storyboard */,
			);
			path = EditBook;
			sourceTree = "<group>";
		};
		D597A87B24ADAB6B009490DB /* Singup */ = {
			isa = PBXGroup;
			children = (
				D597A87C24ADAB6B009490DB /* SignupViewController.swift */,
				D597A87D24ADAB6B009490DB /* Signup.storyboard */,
			);
			path = Singup;
			sourceTree = "<group>";
		};
		D597A87E24ADAB6B009490DB /* Account */ = {
			isa = PBXGroup;
			children = (
				D597A87F24ADAB6B009490DB /* AccountViewController.swift */,
				D597A88024ADAB6B009490DB /* Account.storyboard */,
			);
			path = Account;
			sourceTree = "<group>";
		};
		D597A88124ADAB6B009490DB /* BookList */ = {
			isa = PBXGroup;
			children = (
				D597A88224ADAB6B009490DB /* BookListCell.swift */,
				D597A88324ADAB6B009490DB /* BookListViewController.swift */,
			);
			path = BookList;
			sourceTree = "<group>";
		};
		D597A88424ADAB6B009490DB /* Login */ = {
			isa = PBXGroup;
			children = (
				D597A88524ADAB6B009490DB /* Login.storyboard */,
				D597A88724ADAB6B009490DB /* LoginViewController.swift */,
			);
			path = Login;
			sourceTree = "<group>";
		};
		D597A88824ADAB6B009490DB /* AddBook */ = {
			isa = PBXGroup;
			children = (
				D597A88924ADAB6B009490DB /* AddBookViewController.swift */,
			);
			path = AddBook;
			sourceTree = "<group>";
		};
		D5FF0AE824AC1FA5001640BC /* Extension */ = {
			isa = PBXGroup;
			children = (
				D5FF0AE624AC1F90001640BC /* UIAlertExtension.swift */,
			);
			path = Extension;
			sourceTree = "<group>";
		};
/* End PBXGroup section */

/* Begin PBXNativeTarget section */
		D524F621249B3AF100646538 /* BookManager_iOS */ = {
			isa = PBXNativeTarget;
			buildConfigurationList = D524F636249B3AF600646538 /* Build configuration list for PBXNativeTarget "BookManager_iOS" */;
			buildPhases = (
				D524F63F249B411B00646538 /* Run Script */,
				D524F61E249B3AF100646538 /* Sources */,
				D524F61F249B3AF100646538 /* Frameworks */,
				D524F620249B3AF100646538 /* Resources */,
				D524F63D249B410A00646538 /* Embed Frameworks */,
				D524F63E249B411900646538 /* ShellScript */,
				D55280E924A9E0FC00D6248D /* ShellScript */,
			);
			buildRules = (
			);
			dependencies = (
			);
			name = BookManager_iOS;
			productName = BookManager_iOS;
			productReference = D524F622249B3AF100646538 /* BookManager_iOS.app */;
			productType = "com.apple.product-type.application";
		};
/* End PBXNativeTarget section */

/* Begin PBXProject section */
		D524F61A249B3AF100646538 /* Project object */ = {
			isa = PBXProject;
			attributes = {
				LastSwiftUpdateCheck = 1150;
				LastUpgradeCheck = 1150;
				ORGANIZATIONNAME = "Yuta Shimizu";
				TargetAttributes = {
					D524F621249B3AF100646538 = {
						CreatedOnToolsVersion = 11.5;
					};
				};
			};
			buildConfigurationList = D524F61D249B3AF100646538 /* Build configuration list for PBXProject "BookManager_iOS" */;
			compatibilityVersion = "Xcode 9.3";
			developmentRegion = en;
			hasScannedForEncodings = 0;
			knownRegions = (
				en,
				ja,
				Base,
			);
			mainGroup = D524F619249B3AF100646538;
			productRefGroup = D524F623249B3AF100646538 /* Products */;
			projectDirPath = "";
			projectRoot = "";
			targets = (
				D524F621249B3AF100646538 /* BookManager_iOS */,
			);
		};
/* End PBXProject section */

/* Begin PBXResourcesBuildPhase section */
		D524F620249B3AF100646538 /* Resources */ = {
			isa = PBXResourcesBuildPhase;
			buildActionMask = 2147483647;
			files = (
				D524F632249B3AF600646538 /* LaunchScreen.storyboard in Resources */,
				D524F62F249B3AF600646538 /* Assets.xcassets in Resources */,
				D597A88F24ADAB6B009490DB /* Account.storyboard in Resources */,
				D597A88B24ADAB6B009490DB /* EditBook.storyboard in Resources */,
				D597A88D24ADAB6B009490DB /* Signup.storyboard in Resources */,
				D5FF0ADD24AB0A1D001640BC /* Localizable.strings in Resources */,
				D597A89224ADAB6B009490DB /* Login.storyboard in Resources */,
			);
			runOnlyForDeploymentPostprocessing = 0;
		};
/* End PBXResourcesBuildPhase section */

/* Begin PBXShellScriptBuildPhase section */
		D524F63E249B411900646538 /* ShellScript */ = {
			isa = PBXShellScriptBuildPhase;
			buildActionMask = 2147483647;
			files = (
			);
			inputFileListPaths = (
			);
			inputPaths = (
				"$(SRCROOT)/Carthage/Build/iOS/Rswift.framework",
				"$(SRCROOT)/Carthage/Build/iOS/Nuke.framework",
				"$(SRCROOT)/Carthage/Build/iOS/KeychainAccess.framework",
			);
			outputFileListPaths = (
			);
			outputPaths = (
			);
			runOnlyForDeploymentPostprocessing = 0;
			shellPath = /bin/sh;
			shellScript = "/usr/local/bin/carthage copy-frameworks\n";
		};
		D524F63F249B411B00646538 /* Run Script */ = {
			isa = PBXShellScriptBuildPhase;
			buildActionMask = 2147483647;
			files = (
			);
			inputFileListPaths = (
			);
			inputPaths = (
				"$TEMP_DIR/rswift-lastrun",
			);
			name = "Run Script";
			outputFileListPaths = (
			);
			outputPaths = (
				$SRCROOT/R.generated.swift,
			);
			runOnlyForDeploymentPostprocessing = 0;
			shellPath = /bin/sh;
			shellScript = "\"$SRCROOT/rswift\" generate \"$SRCROOT/R.generated.swift\"\n";
		};
		D55280E924A9E0FC00D6248D /* ShellScript */ = {
			isa = PBXShellScriptBuildPhase;
			buildActionMask = 2147483647;
			files = (
			);
			inputFileListPaths = (
			);
			inputPaths = (
			);
			outputFileListPaths = (
			);
			outputPaths = (
			);
			runOnlyForDeploymentPostprocessing = 0;
			shellPath = /bin/sh;
			shellScript = "if which swiftlint >/dev/null; then\n  swiftlint\nelse\n  echo \"warning: SwiftLint not installed, download from https://github.com/realm/SwiftLint\"\nfi\n";
		};
/* End PBXShellScriptBuildPhase section */

/* Begin PBXSourcesBuildPhase section */
		D524F61E249B3AF100646538 /* Sources */ = {
			isa = PBXSourcesBuildPhase;
			buildActionMask = 2147483647;
			files = (
				D58052AF24B2D4E50085FD4C /* BookListRequest.swift in Sources */,
				D597A88E24ADAB6B009490DB /* AccountViewController.swift in Sources */,
				D58052A724AF22D00085FD4C /* URLSessionRequest.swift in Sources */,
				D58052B524B2E7680085FD4C /* JSONEncoder.swift in Sources */,
				D580529E24AF1B8E0085FD4C /* AddBookViewModel.swift in Sources */,
				D58052A924AF2AFA0085FD4C /* Response.swift in Sources */,
				D58052AD24B2D2BE0085FD4C /* UserRequest.swift in Sources */,
				D580528924ADABEA0085FD4C /* MainTabController.swift in Sources */,
				D524F626249B3AF100646538 /* AppDelegate.swift in Sources */,
				D58052B124B2D5500085FD4C /* BookRequest.swift in Sources */,
				D5FF0AE724AC1F91001640BC /* UIAlertExtension.swift in Sources */,
				D58052BD24B2FFF70085FD4C /* BookListResponse.swift in Sources */,
				D58052BB24B2FF820085FD4C /* BookResponse.swift in Sources */,
				D580529C24AF0CCE0085FD4C /* EditBookViewModel.swift in Sources */,
				D597A89024ADAB6B009490DB /* BookListCell.swift in Sources */,
				D597A89424ADAB6B009490DB /* AddBookViewController.swift in Sources */,
				D597A88A24ADAB6B009490DB /* EditBookViewController.swift in Sources */,
				D58052A424AF20920085FD4C /* LoginViewModel.swift in Sources */,
				D5671BCA249CA4B6003E3BEE /* R.generated.swift in Sources */,
				D597A88C24ADAB6B009490DB /* SignupViewController.swift in Sources */,
				D580529A24AEFE450085FD4C /* SignupViewModel.swift in Sources */,
				D597A89324ADAB6B009490DB /* LoginViewController.swift in Sources */,
				D597A89124ADAB6B009490DB /* BookListViewController.swift in Sources */,
				D58052AB24B2B28C0085FD4C /* APIClient.swift in Sources */,
				D58052B924B2EF560085FD4C /* UserDefaultsUtil.swift in Sources */,
				D58052B324B2E3120085FD4C /* UserResponse.swift in Sources */,
			);
			runOnlyForDeploymentPostprocessing = 0;
		};
/* End PBXSourcesBuildPhase section */

/* Begin PBXVariantGroup section */
		D524F630249B3AF600646538 /* LaunchScreen.storyboard */ = {
			isa = PBXVariantGroup;
			children = (
				D5FF0AE424AB0F5E001640BC /* Base */,
			);
			name = LaunchScreen.storyboard;
			sourceTree = "<group>";
		};
		D597A88524ADAB6B009490DB /* Login.storyboard */ = {
			isa = PBXVariantGroup;
			children = (
				D597A88624ADAB6B009490DB /* Base */,
			);
			name = Login.storyboard;
			sourceTree = "<group>";
		};
		D5FF0ADF24AB0A1D001640BC /* Localizable.strings */ = {
			isa = PBXVariantGroup;
			children = (
				D5FF0AE024AB0C7F001640BC /* ja */,
			);
			name = Localizable.strings;
			sourceTree = "<group>";
		};
/* End PBXVariantGroup section */

/* Begin XCBuildConfiguration section */
		D524F634249B3AF600646538 /* Debug */ = {
			isa = XCBuildConfiguration;
			buildSettings = {
				ALWAYS_SEARCH_USER_PATHS = NO;
				CLANG_ANALYZER_LOCALIZABILITY_NONLOCALIZED = YES;
				CLANG_ANALYZER_NONNULL = YES;
				CLANG_ANALYZER_NUMBER_OBJECT_CONVERSION = YES_AGGRESSIVE;
				CLANG_CXX_LANGUAGE_STANDARD = "gnu++14";
				CLANG_CXX_LIBRARY = "libc++";
				CLANG_ENABLE_MODULES = YES;
				CLANG_ENABLE_OBJC_ARC = YES;
				CLANG_ENABLE_OBJC_WEAK = YES;
				CLANG_WARN_BLOCK_CAPTURE_AUTORELEASING = YES;
				CLANG_WARN_BOOL_CONVERSION = YES;
				CLANG_WARN_COMMA = YES;
				CLANG_WARN_CONSTANT_CONVERSION = YES;
				CLANG_WARN_DEPRECATED_OBJC_IMPLEMENTATIONS = YES;
				CLANG_WARN_DIRECT_OBJC_ISA_USAGE = YES_ERROR;
				CLANG_WARN_DOCUMENTATION_COMMENTS = YES;
				CLANG_WARN_EMPTY_BODY = YES;
				CLANG_WARN_ENUM_CONVERSION = YES;
				CLANG_WARN_INFINITE_RECURSION = YES;
				CLANG_WARN_INT_CONVERSION = YES;
				CLANG_WARN_NON_LITERAL_NULL_CONVERSION = YES;
				CLANG_WARN_OBJC_IMPLICIT_RETAIN_SELF = YES;
				CLANG_WARN_OBJC_LITERAL_CONVERSION = YES;
				CLANG_WARN_OBJC_ROOT_CLASS = YES_ERROR;
				CLANG_WARN_RANGE_LOOP_ANALYSIS = YES;
				CLANG_WARN_STRICT_PROTOTYPES = YES;
				CLANG_WARN_SUSPICIOUS_MOVE = YES;
				CLANG_WARN_UNGUARDED_AVAILABILITY = YES_AGGRESSIVE;
				CLANG_WARN_UNREACHABLE_CODE = YES;
				CLANG_WARN__DUPLICATE_METHOD_MATCH = YES;
				COPY_PHASE_STRIP = NO;
				DEBUG_INFORMATION_FORMAT = dwarf;
				ENABLE_STRICT_OBJC_MSGSEND = YES;
				ENABLE_TESTABILITY = YES;
				GCC_C_LANGUAGE_STANDARD = gnu11;
				GCC_DYNAMIC_NO_PIC = NO;
				GCC_NO_COMMON_BLOCKS = YES;
				GCC_OPTIMIZATION_LEVEL = 0;
				GCC_PREPROCESSOR_DEFINITIONS = (
					"DEBUG=1",
					"$(inherited)",
				);
				GCC_WARN_64_TO_32_BIT_CONVERSION = YES;
				GCC_WARN_ABOUT_RETURN_TYPE = YES_ERROR;
				GCC_WARN_UNDECLARED_SELECTOR = YES;
				GCC_WARN_UNINITIALIZED_AUTOS = YES_AGGRESSIVE;
				GCC_WARN_UNUSED_FUNCTION = YES;
				GCC_WARN_UNUSED_VARIABLE = YES;
				IPHONEOS_DEPLOYMENT_TARGET = 13.5;
				MTL_ENABLE_DEBUG_INFO = INCLUDE_SOURCE;
				MTL_FAST_MATH = YES;
				ONLY_ACTIVE_ARCH = YES;
				SDKROOT = iphoneos;
				SWIFT_ACTIVE_COMPILATION_CONDITIONS = DEBUG;
				SWIFT_OPTIMIZATION_LEVEL = "-Onone";
			};
			name = Debug;
		};
		D524F635249B3AF600646538 /* Release */ = {
			isa = XCBuildConfiguration;
			buildSettings = {
				ALWAYS_SEARCH_USER_PATHS = NO;
				CLANG_ANALYZER_LOCALIZABILITY_NONLOCALIZED = YES;
				CLANG_ANALYZER_NONNULL = YES;
				CLANG_ANALYZER_NUMBER_OBJECT_CONVERSION = YES_AGGRESSIVE;
				CLANG_CXX_LANGUAGE_STANDARD = "gnu++14";
				CLANG_CXX_LIBRARY = "libc++";
				CLANG_ENABLE_MODULES = YES;
				CLANG_ENABLE_OBJC_ARC = YES;
				CLANG_ENABLE_OBJC_WEAK = YES;
				CLANG_WARN_BLOCK_CAPTURE_AUTORELEASING = YES;
				CLANG_WARN_BOOL_CONVERSION = YES;
				CLANG_WARN_COMMA = YES;
				CLANG_WARN_CONSTANT_CONVERSION = YES;
				CLANG_WARN_DEPRECATED_OBJC_IMPLEMENTATIONS = YES;
				CLANG_WARN_DIRECT_OBJC_ISA_USAGE = YES_ERROR;
				CLANG_WARN_DOCUMENTATION_COMMENTS = YES;
				CLANG_WARN_EMPTY_BODY = YES;
				CLANG_WARN_ENUM_CONVERSION = YES;
				CLANG_WARN_INFINITE_RECURSION = YES;
				CLANG_WARN_INT_CONVERSION = YES;
				CLANG_WARN_NON_LITERAL_NULL_CONVERSION = YES;
				CLANG_WARN_OBJC_IMPLICIT_RETAIN_SELF = YES;
				CLANG_WARN_OBJC_LITERAL_CONVERSION = YES;
				CLANG_WARN_OBJC_ROOT_CLASS = YES_ERROR;
				CLANG_WARN_RANGE_LOOP_ANALYSIS = YES;
				CLANG_WARN_STRICT_PROTOTYPES = YES;
				CLANG_WARN_SUSPICIOUS_MOVE = YES;
				CLANG_WARN_UNGUARDED_AVAILABILITY = YES_AGGRESSIVE;
				CLANG_WARN_UNREACHABLE_CODE = YES;
				CLANG_WARN__DUPLICATE_METHOD_MATCH = YES;
				COPY_PHASE_STRIP = NO;
				DEBUG_INFORMATION_FORMAT = "dwarf-with-dsym";
				ENABLE_NS_ASSERTIONS = NO;
				ENABLE_STRICT_OBJC_MSGSEND = YES;
				GCC_C_LANGUAGE_STANDARD = gnu11;
				GCC_NO_COMMON_BLOCKS = YES;
				GCC_WARN_64_TO_32_BIT_CONVERSION = YES;
				GCC_WARN_ABOUT_RETURN_TYPE = YES_ERROR;
				GCC_WARN_UNDECLARED_SELECTOR = YES;
				GCC_WARN_UNINITIALIZED_AUTOS = YES_AGGRESSIVE;
				GCC_WARN_UNUSED_FUNCTION = YES;
				GCC_WARN_UNUSED_VARIABLE = YES;
				IPHONEOS_DEPLOYMENT_TARGET = 13.5;
				MTL_ENABLE_DEBUG_INFO = NO;
				MTL_FAST_MATH = YES;
				SDKROOT = iphoneos;
				SWIFT_COMPILATION_MODE = wholemodule;
				SWIFT_OPTIMIZATION_LEVEL = "-O";
				VALIDATE_PRODUCT = YES;
			};
			name = Release;
		};
		D524F637249B3AF600646538 /* Debug */ = {
			isa = XCBuildConfiguration;
			buildSettings = {
				ASSETCATALOG_COMPILER_APPICON_NAME = AppIcon;
				CODE_SIGN_STYLE = Automatic;
				DEVELOPMENT_TEAM = 7UWDNBYN7A;
				FRAMEWORK_SEARCH_PATHS = (
					"$(inherited)",
					"$(PROJECT_DIR)/Carthage/Build/iOS",
				);
				INFOPLIST_FILE = BookManager_iOS/Info.plist;
				LD_RUNPATH_SEARCH_PATHS = (
					"$(inherited)",
					"@executable_path/Frameworks",
				);
				PRODUCT_BUNDLE_IDENTIFIER = "yuta6113-gmail.com.BookManager-iOS";
				PRODUCT_NAME = "$(TARGET_NAME)";
				SWIFT_VERSION = 5.0;
				TARGETED_DEVICE_FAMILY = "1,2";
			};
			name = Debug;
		};
		D524F638249B3AF600646538 /* Release */ = {
			isa = XCBuildConfiguration;
			buildSettings = {
				ASSETCATALOG_COMPILER_APPICON_NAME = AppIcon;
				CODE_SIGN_STYLE = Automatic;
				DEVELOPMENT_TEAM = 7UWDNBYN7A;
				FRAMEWORK_SEARCH_PATHS = (
					"$(inherited)",
					"$(PROJECT_DIR)/Carthage/Build/iOS",
				);
				INFOPLIST_FILE = BookManager_iOS/Info.plist;
				LD_RUNPATH_SEARCH_PATHS = (
					"$(inherited)",
					"@executable_path/Frameworks",
				);
				PRODUCT_BUNDLE_IDENTIFIER = "yuta6113-gmail.com.BookManager-iOS";
				PRODUCT_NAME = "$(TARGET_NAME)";
				SWIFT_VERSION = 5.0;
				TARGETED_DEVICE_FAMILY = "1,2";
			};
			name = Release;
		};
/* End XCBuildConfiguration section */

/* Begin XCConfigurationList section */
		D524F61D249B3AF100646538 /* Build configuration list for PBXProject "BookManager_iOS" */ = {
			isa = XCConfigurationList;
			buildConfigurations = (
				D524F634249B3AF600646538 /* Debug */,
				D524F635249B3AF600646538 /* Release */,
			);
			defaultConfigurationIsVisible = 0;
			defaultConfigurationName = Release;
		};
		D524F636249B3AF600646538 /* Build configuration list for PBXNativeTarget "BookManager_iOS" */ = {
			isa = XCConfigurationList;
			buildConfigurations = (
				D524F637249B3AF600646538 /* Debug */,
				D524F638249B3AF600646538 /* Release */,
			);
			defaultConfigurationIsVisible = 0;
			defaultConfigurationName = Release;
		};
/* End XCConfigurationList section */
	};
	rootObject = D524F61A249B3AF100646538 /* Project object */;
}
